
Microsoft Visual Studio Solution File, Format Version 9.00
# Visual Studio 2005
Project("{8BC9CEB8-8B4A-11D0-8D11-00A0C91BC942}") = "M8_Charger", "M8_Charger.vcproj", "{52D3417D-EF58-4E75-8B91-03E982CC429C}"
EndProject
Global
	GlobalSection(SolutionConfigurationPlatforms) = preSolution
		Debug|Win32 = Debug|Win32
		Release|Win32 = Release|Win32
	EndGlobalSection
	GlobalSection(ProjectConfigurationPlatforms) = postSolution
		{52D3417D-EF58-4E75-8B91-03E982CC429C}.Debug|Win32.ActiveCfg = Debug|Win32
		{52D3417D-EF58-4E75-8B91-03E982CC429C}.Debug|Win32.Build.0 = Debug|Win32
		{52D3417D-EF58-4E75-8B91-03E982CC429C}.Release|Win32.ActiveCfg = Release|Win32
		{52D3417D-EF58-4E75-8B91-03E982CC429C}.Release|Win32.Build.0 = Release|Win32
	EndGlobalSection
	GlobalSection(SolutionProperties) = preSolution
		HideSolutionNode = FALSE
	EndGlobalSection
EndGlobal
